{
  "name": "superprint",
  "version": "1.0.89",
  "lockfileVersion": 3,
  "requires": true,
  "packages": {
    "": {
      "name": "superprint",
      "version": "1.0.89",
      "hasInstallScript": true,
      "license": "MIT",
      "bin": {
        "superprint": "cli.mjs"
      },
      "engines": {
        "node": ">=18"
      }
    }
  }
}
