# This file is automatically @generated by Cargo.
# It is not intended for manual editing.
version = 3

[[package]]
name = "superprint-core"
version = "0.1.0"

[[package]]
name = "superprint-image"
version = "0.1.0"
dependencies = [
 "superprint-core",
]

[[package]]
name = "superprint-pdf"
version = "0.1.0"
dependencies = [
 "superprint-core",
 "superprint-image",
]
